
Microsoft Visual Studio Solution File, Format Version 12.00
# Visual Studio 15
VisualStudioVersion = 15.0.28307.1401
MinimumVisualStudioVersion = 10.0.40219.1
Project("{FAE04EC0-301F-11D3-BF4B-00C04F79EFBC}") = "Conversor de unidades", "Conversor de unidades\Conversor de unidades.csproj", "{E2984DE9-E50B-481C-87BF-11CD20E44DFB}"
EndProject
Global
	GlobalSection(SolutionConfigurationPlatforms) = preSolution
		Debug|Any CPU = Debug|Any CPU
		Release|Any CPU = Release|Any CPU
	EndGlobalSection
	GlobalSection(ProjectConfigurationPlatforms) = postSolution
		{E2984DE9-E50B-481C-87BF-11CD20E44DFB}.Debug|Any CPU.ActiveCfg = Debug|Any CPU
		{E2984DE9-E50B-481C-87BF-11CD20E44DFB}.Debug|Any CPU.Build.0 = Debug|Any CPU
		{E2984DE9-E50B-481C-87BF-11CD20E44DFB}.Release|Any CPU.ActiveCfg = Release|Any CPU
		{E2984DE9-E50B-481C-87BF-11CD20E44DFB}.Release|Any CPU.Build.0 = Release|Any CPU
	EndGlobalSection
	GlobalSection(SolutionProperties) = preSolution
		HideSolutionNode = FALSE
	EndGlobalSection
	GlobalSection(ExtensibilityGlobals) = postSolution
		SolutionGuid = {14C3428C-88EF-4C6E-8ADD-D47B9CBCDE1D}
	EndGlobalSection
EndGlobal
